
Microsoft Visual Studio Solution File, Format Version 12.00
# Visual Studio 15
VisualStudioVersion = 15.0.28010.2016
MinimumVisualStudioVersion = 10.0.40219.1
Project("{FAE04EC0-301F-11D3-BF4B-00C04F79EFBC}") = "Septembe20", "Septembe20\Septembe20.csproj", "{C6B866A5-EEFD-495D-84BE-9989E6A410AD}"
EndProject
Project("{FAE04EC0-301F-11D3-BF4B-00C04F79EFBC}") = "September20-2", "September-2\September20-2.csproj", "{C7EE1F15-AB0C-4E95-B5D8-6045A4A06BCE}"
EndProject
Global
	GlobalSection(SolutionConfigurationPlatforms) = preSolution
		Debug|Any CPU = Debug|Any CPU
		Release|Any CPU = Release|Any CPU
	EndGlobalSection
	GlobalSection(ProjectConfigurationPlatforms) = postSolution
		{C6B866A5-EEFD-495D-84BE-9989E6A410AD}.Debug|Any CPU.ActiveCfg = Debug|Any CPU
		{C6B866A5-EEFD-495D-84BE-9989E6A410AD}.Debug|Any CPU.Build.0 = Debug|Any CPU
		{C6B866A5-EEFD-495D-84BE-9989E6A410AD}.Release|Any CPU.ActiveCfg = Release|Any CPU
		{C6B866A5-EEFD-495D-84BE-9989E6A410AD}.Release|Any CPU.Build.0 = Release|Any CPU
		{C7EE1F15-AB0C-4E95-B5D8-6045A4A06BCE}.Debug|Any CPU.ActiveCfg = Debug|Any CPU
		{C7EE1F15-AB0C-4E95-B5D8-6045A4A06BCE}.Debug|Any CPU.Build.0 = Debug|Any CPU
		{C7EE1F15-AB0C-4E95-B5D8-6045A4A06BCE}.Release|Any CPU.ActiveCfg = Release|Any CPU
		{C7EE1F15-AB0C-4E95-B5D8-6045A4A06BCE}.Release|Any CPU.Build.0 = Release|Any CPU
	EndGlobalSection
	GlobalSection(SolutionProperties) = preSolution
		HideSolutionNode = FALSE
	EndGlobalSection
	GlobalSection(ExtensibilityGlobals) = postSolution
		SolutionGuid = {1EC97212-B806-4EFA-9BB6-8618AD94EBDA}
	EndGlobalSection
EndGlobal
